
Microsoft Visual Studio Solution File, Format Version 12.00
# Visual Studio Version 17
VisualStudioVersion = 17.11.35327.3
MinimumVisualStudioVersion = 10.0.40219.1
Project("{FAE04EC0-301F-11D3-BF4B-00C04F79EFBC}") = "exercicio 8.1", "exercicio 8.1.csproj", "{F42D2FEA-7E61-4C40-A865-D4A956CE37D8}"
EndProject
Global
	GlobalSection(SolutionConfigurationPlatforms) = preSolution
		Debug|Any CPU = Debug|Any CPU
		Release|Any CPU = Release|Any CPU
	EndGlobalSection
	GlobalSection(ProjectConfigurationPlatforms) = postSolution
		{F42D2FEA-7E61-4C40-A865-D4A956CE37D8}.Debug|Any CPU.ActiveCfg = Debug|Any CPU
		{F42D2FEA-7E61-4C40-A865-D4A956CE37D8}.Debug|Any CPU.Build.0 = Debug|Any CPU
		{F42D2FEA-7E61-4C40-A865-D4A956CE37D8}.Release|Any CPU.ActiveCfg = Release|Any CPU
		{F42D2FEA-7E61-4C40-A865-D4A956CE37D8}.Release|Any CPU.Build.0 = Release|Any CPU
	EndGlobalSection
	GlobalSection(SolutionProperties) = preSolution
		HideSolutionNode = FALSE
	EndGlobalSection
	GlobalSection(ExtensibilityGlobals) = postSolution
		SolutionGuid = {42A5EF36-31FE-4FA2-94B3-AA17CCF33F74}
	EndGlobalSection
EndGlobal
