
Microsoft Visual Studio Solution File, Format Version 12.00
# Visual Studio Version 17
VisualStudioVersion = 17.11.35327.3
MinimumVisualStudioVersion = 10.0.40219.1
Project("{FAE04EC0-301F-11D3-BF4B-00C04F79EFBC}") = "exercicios vetor", "exercicios vetor.csproj", "{BC187713-B587-4ADF-AEEF-08F1C3C1EBF1}"
EndProject
Global
	GlobalSection(SolutionConfigurationPlatforms) = preSolution
		Debug|Any CPU = Debug|Any CPU
		Release|Any CPU = Release|Any CPU
	EndGlobalSection
	GlobalSection(ProjectConfigurationPlatforms) = postSolution
		{BC187713-B587-4ADF-AEEF-08F1C3C1EBF1}.Debug|Any CPU.ActiveCfg = Debug|Any CPU
		{BC187713-B587-4ADF-AEEF-08F1C3C1EBF1}.Debug|Any CPU.Build.0 = Debug|Any CPU
		{BC187713-B587-4ADF-AEEF-08F1C3C1EBF1}.Release|Any CPU.ActiveCfg = Release|Any CPU
		{BC187713-B587-4ADF-AEEF-08F1C3C1EBF1}.Release|Any CPU.Build.0 = Release|Any CPU
	EndGlobalSection
	GlobalSection(SolutionProperties) = preSolution
		HideSolutionNode = FALSE
	EndGlobalSection
	GlobalSection(ExtensibilityGlobals) = postSolution
		SolutionGuid = {53B68193-BE66-43FA-B77B-717764E4400D}
	EndGlobalSection
EndGlobal
