
Microsoft Visual Studio Solution File, Format Version 12.00
# Visual Studio Version 17
VisualStudioVersion = 17.11.35327.3
MinimumVisualStudioVersion = 10.0.40219.1
Project("{FAE04EC0-301F-11D3-BF4B-00C04F79EFBC}") = "fatorial", "fatorial.csproj", "{F005CA69-1F58-48ED-8E2C-997D31C6377D}"
EndProject
Global
	GlobalSection(SolutionConfigurationPlatforms) = preSolution
		Debug|Any CPU = Debug|Any CPU
		Release|Any CPU = Release|Any CPU
	EndGlobalSection
	GlobalSection(ProjectConfigurationPlatforms) = postSolution
		{F005CA69-1F58-48ED-8E2C-997D31C6377D}.Debug|Any CPU.ActiveCfg = Debug|Any CPU
		{F005CA69-1F58-48ED-8E2C-997D31C6377D}.Debug|Any CPU.Build.0 = Debug|Any CPU
		{F005CA69-1F58-48ED-8E2C-997D31C6377D}.Release|Any CPU.ActiveCfg = Release|Any CPU
		{F005CA69-1F58-48ED-8E2C-997D31C6377D}.Release|Any CPU.Build.0 = Release|Any CPU
	EndGlobalSection
	GlobalSection(SolutionProperties) = preSolution
		HideSolutionNode = FALSE
	EndGlobalSection
	GlobalSection(ExtensibilityGlobals) = postSolution
		SolutionGuid = {F7357CDD-F67F-4D16-83E5-CC9D46484B32}
	EndGlobalSection
EndGlobal
