
Microsoft Visual Studio Solution File, Format Version 12.00
# Visual Studio Version 17
VisualStudioVersion = 17.11.35327.3
MinimumVisualStudioVersion = 10.0.40219.1
Project("{FAE04EC0-301F-11D3-BF4B-00C04F79EFBC}") = "ex 19", "ex 19.csproj", "{49D7A662-D99D-4955-BEFE-E941E626B159}"
EndProject
Global
	GlobalSection(SolutionConfigurationPlatforms) = preSolution
		Debug|Any CPU = Debug|Any CPU
		Release|Any CPU = Release|Any CPU
	EndGlobalSection
	GlobalSection(ProjectConfigurationPlatforms) = postSolution
		{49D7A662-D99D-4955-BEFE-E941E626B159}.Debug|Any CPU.ActiveCfg = Debug|Any CPU
		{49D7A662-D99D-4955-BEFE-E941E626B159}.Debug|Any CPU.Build.0 = Debug|Any CPU
		{49D7A662-D99D-4955-BEFE-E941E626B159}.Release|Any CPU.ActiveCfg = Release|Any CPU
		{49D7A662-D99D-4955-BEFE-E941E626B159}.Release|Any CPU.Build.0 = Release|Any CPU
	EndGlobalSection
	GlobalSection(SolutionProperties) = preSolution
		HideSolutionNode = FALSE
	EndGlobalSection
	GlobalSection(ExtensibilityGlobals) = postSolution
		SolutionGuid = {962675FA-0A76-4325-9BBC-C3F58D5B9CDA}
	EndGlobalSection
EndGlobal
